
Microsoft Visual Studio Solution File, Format Version 12.00
# Visual Studio Version 16
VisualStudioVersion = 16.0.31112.23
MinimumVisualStudioVersion = 10.0.40219.1
Project("{9A19103F-16F7-4668-BE54-9A1E7A4F7556}") = "HigherArithmetics", "HigherArithmetics.csproj", "{8BCFB1B2-27B3-45BE-AC7F-57CCBA333987}"
EndProject
Project("{FAE04EC0-301F-11D3-BF4B-00C04F79EFBC}") = "HigherArithmeticsTests", "..\HigherArithmeticsTests\HigherArithmeticsTests.csproj", "{2BF18CBE-D234-40A1-A009-30A57B92B641}"
EndProject
Global
	GlobalSection(SolutionConfigurationPlatforms) = preSolution
		Debug|Any CPU = Debug|Any CPU
		Release|Any CPU = Release|Any CPU
	EndGlobalSection
	GlobalSection(ProjectConfigurationPlatforms) = postSolution
		{8BCFB1B2-27B3-45BE-AC7F-57CCBA333987}.Debug|Any CPU.ActiveCfg = Debug|Any CPU
		{8BCFB1B2-27B3-45BE-AC7F-57CCBA333987}.Debug|Any CPU.Build.0 = Debug|Any CPU
		{8BCFB1B2-27B3-45BE-AC7F-57CCBA333987}.Release|Any CPU.ActiveCfg = Release|Any CPU
		{8BCFB1B2-27B3-45BE-AC7F-57CCBA333987}.Release|Any CPU.Build.0 = Release|Any CPU
		{2BF18CBE-D234-40A1-A009-30A57B92B641}.Debug|Any CPU.ActiveCfg = Debug|Any CPU
		{2BF18CBE-D234-40A1-A009-30A57B92B641}.Debug|Any CPU.Build.0 = Debug|Any CPU
		{2BF18CBE-D234-40A1-A009-30A57B92B641}.Release|Any CPU.ActiveCfg = Release|Any CPU
		{2BF18CBE-D234-40A1-A009-30A57B92B641}.Release|Any CPU.Build.0 = Release|Any CPU
	EndGlobalSection
	GlobalSection(SolutionProperties) = preSolution
		HideSolutionNode = FALSE
	EndGlobalSection
	GlobalSection(ExtensibilityGlobals) = postSolution
		SolutionGuid = {99B8619E-A806-4A8A-A3CB-24EB22540B13}
	EndGlobalSection
EndGlobal
